{
  "version": 4,
  "terraform_version": "1.5.1",
  "serial": 68,
  "lineage": "b9bb2df1-a76a-e659-7a44-12ff4c9a11dd",
  "outputs": {},
  "resources": [
    {
      "mode": "data",
      "type": "aws_route53_zone",
      "name": "public",
      "provider": "provider[\"registry.terraform.io/hashicorp/aws\"]",
      "instances": [
        {
          "schema_version": 0,
          "attributes": {
            "arn": "arn:aws:route53:::hostedzone/Z01286751JVQV1HHVOYWU",
            "caller_reference": "RISWorkflow-RD:6aac5cb6-05bd-43f9-a5e8-e4162d36c1bb",
            "comment": "HostedZone created by Route53 Registrar",
            "id": "Z01286751JVQV1HHVOYWU",
            "linked_service_description": null,
            "linked_service_principal": null,
            "name": "anaeleboo.com",
            "name_servers": [
              "ns-115.awsdns-14.com",
              "ns-1652.awsdns-14.co.uk",
              "ns-811.awsdns-37.net",
              "ns-1281.awsdns-32.org"
            ],
            "primary_name_server": "ns-115.awsdns-14.com",
            "private_zone": false,
            "resource_record_set_count": 12,
            "tags": {},
            "vpc_id": null,
            "zone_id": "Z01286751JVQV1HHVOYWU"
          },
          "sensitive_attributes": []
        }
      ]
    },
    {
      "mode": "managed",
      "type": "aws_acm_certificate",
      "name": "api",
      "provider": "provider[\"registry.terraform.io/hashicorp/aws\"]",
      "instances": [
        {
          "schema_version": 0,
          "attributes": {
            "arn": "arn:aws:acm:us-east-2:729855611727:certificate/acfb426c-3a41-4bdf-b33f-c32df3e49a2a",
            "certificate_authority_arn": "",
            "certificate_body": null,
            "certificate_chain": null,
            "domain_name": "jenkins.anaeleboo.com",
            "domain_validation_options": [
              {
                "domain_name": "jenkins.anaeleboo.com",
                "resource_record_name": "_8b6bbcaf2965616fe16f6571ea1c0b91.jenkins.anaeleboo.com.",
                "resource_record_type": "CNAME",
                "resource_record_value": "_01801f68a580a18772cb22ca0281ca5a.htgdxnmnnj.acm-validations.aws."
              }
            ],
            "early_renewal_duration": "",
            "id": "arn:aws:acm:us-east-2:729855611727:certificate/acfb426c-3a41-4bdf-b33f-c32df3e49a2a",
            "key_algorithm": "RSA_2048",
            "not_after": "2024-08-27T23:59:59Z",
            "not_before": "2023-07-30T00:00:00Z",
            "options": [
              {
                "certificate_transparency_logging_preference": "ENABLED"
              }
            ],
            "pending_renewal": false,
            "private_key": null,
            "renewal_eligibility": "ELIGIBLE",
            "renewal_summary": [],
            "status": "ISSUED",
            "subject_alternative_names": [
              "jenkins.anaeleboo.com"
            ],
            "tags": {},
            "tags_all": {},
            "type": "AMAZON_ISSUED",
            "validation_emails": [],
            "validation_method": "DNS",
            "validation_option": []
          },
          "sensitive_attributes": [],
          "private": "bnVsbA=="
        }
      ]
    },
    {
      "mode": "managed",
      "type": "aws_acm_certificate_validation",
      "name": "api",
      "provider": "provider[\"registry.terraform.io/hashicorp/aws\"]",
      "instances": [
        {
          "schema_version": 0,
          "attributes": {
            "certificate_arn": "arn:aws:acm:us-east-2:729855611727:certificate/acfb426c-3a41-4bdf-b33f-c32df3e49a2a",
            "id": "2023-07-30 22:55:32.027 +0000 UTC",
            "timeouts": null,
            "validation_record_fqdns": [
              "_8b6bbcaf2965616fe16f6571ea1c0b91.jenkins.anaeleboo.com"
            ]
          },
          "sensitive_attributes": [],
          "private": "eyJlMmJmYjczMC1lY2FhLTExZTYtOGY4OC0zNDM2M2JjN2M0YzAiOnsiY3JlYXRlIjo0NTAwMDAwMDAwMDAwfX0=",
          "dependencies": [
            "aws_acm_certificate.api",
            "aws_route53_record.api_validation",
            "data.aws_route53_zone.public"
          ]
        }
      ]
    },
    {
      "mode": "managed",
      "type": "aws_eip",
      "name": "eip",
      "provider": "provider[\"registry.terraform.io/hashicorp/aws\"]",
      "instances": [
        {
          "schema_version": 0,
          "attributes": {
            "address": null,
            "allocation_id": "eipalloc-00b2ce657310dbfd9",
            "associate_with_private_ip": null,
            "association_id": "eipassoc-0154d7339f6676e5c",
            "carrier_ip": "",
            "customer_owned_ip": "",
            "customer_owned_ipv4_pool": "",
            "domain": "vpc",
            "id": "eipalloc-00b2ce657310dbfd9",
            "instance": "",
            "network_border_group": "us-east-2",
            "network_interface": "eni-01f311bdd12ca47bf",
            "private_dns": "ip-192-168-3-49.us-east-2.compute.internal",
            "private_ip": "192.168.3.49",
            "public_dns": "ec2-3-23-179-222.us-east-2.compute.amazonaws.com",
            "public_ip": "3.23.179.222",
            "public_ipv4_pool": "amazon",
            "tags": {
              "Name": "Jenkins-eip"
            },
            "tags_all": {
              "Name": "Jenkins-eip"
            },
            "timeouts": null,
            "vpc": true
          },
          "sensitive_attributes": [],
          "private": "eyJlMmJmYjczMC1lY2FhLTExZTYtOGY4OC0zNDM2M2JjN2M0YzAiOnsiZGVsZXRlIjoxODAwMDAwMDAwMDAsInJlYWQiOjkwMDAwMDAwMDAwMCwidXBkYXRlIjozMDAwMDAwMDAwMDB9fQ=="
        }
      ]
    },
    {
      "mode": "managed",
      "type": "aws_iam_instance_profile",
      "name": "jenkins5",
      "provider": "provider[\"registry.terraform.io/hashicorp/aws\"]",
      "instances": [
        {
          "schema_version": 0,
          "attributes": {
            "arn": "arn:aws:iam::729855611727:instance-profile/profile6",
            "create_date": "2023-07-30T22:26:09Z",
            "id": "profile6",
            "name": "profile6",
            "name_prefix": "",
            "path": "/",
            "role": "jenkins-aws-role",
            "tags": {},
            "tags_all": {},
            "unique_id": "AIPA2T3WI2NHWRX3CXO5E"
          },
          "sensitive_attributes": [],
          "private": "bnVsbA=="
        }
      ]
    },
    {
      "mode": "managed",
      "type": "aws_instance",
      "name": "bastion",
      "provider": "provider[\"registry.terraform.io/hashicorp/aws\"]",
      "instances": [
        {
          "schema_version": 1,
          "attributes": {
            "ami": "ami-05a36e1502605b4aa",
            "arn": "arn:aws:ec2:us-east-2:729855611727:instance/i-0bd1213421fcff373",
            "associate_public_ip_address": true,
            "availability_zone": "us-east-2a",
            "capacity_reservation_specification": [
              {
                "capacity_reservation_preference": "open",
                "capacity_reservation_target": []
              }
            ],
            "cpu_core_count": 1,
            "cpu_options": [
              {
                "amd_sev_snp": "",
                "core_count": 1,
                "threads_per_core": 1
              }
            ],
            "cpu_threads_per_core": 1,
            "credit_specification": [
              {
                "cpu_credits": "standard"
              }
            ],
            "disable_api_stop": false,
            "disable_api_termination": false,
            "ebs_block_device": [],
            "ebs_optimized": false,
            "enclave_options": [
              {
                "enabled": false
              }
            ],
            "ephemeral_block_device": [],
            "get_password_data": false,
            "hibernation": false,
            "host_id": "",
            "host_resource_group_arn": null,
            "iam_instance_profile": "",
            "id": "i-0bd1213421fcff373",
            "instance_initiated_shutdown_behavior": "stop",
            "instance_lifecycle": "",
            "instance_market_options": [],
            "instance_state": "running",
            "instance_type": "t2.micro",
            "ipv6_address_count": 0,
            "ipv6_addresses": [],
            "key_name": "anael1",
            "launch_template": [],
            "maintenance_options": [
              {
                "auto_recovery": "default"
              }
            ],
            "metadata_options": [
              {
                "http_endpoint": "enabled",
                "http_put_response_hop_limit": 1,
                "http_tokens": "optional",
                "instance_metadata_tags": "disabled"
              }
            ],
            "monitoring": false,
            "network_interface": [],
            "outpost_arn": "",
            "password_data": "",
            "placement_group": "",
            "placement_partition_number": 0,
            "primary_network_interface_id": "eni-0c440077eb022e9b0",
            "private_dns": "ip-192-168-1-122.us-east-2.compute.internal",
            "private_dns_name_options": [
              {
                "enable_resource_name_dns_a_record": false,
                "enable_resource_name_dns_aaaa_record": false,
                "hostname_type": "ip-name"
              }
            ],
            "private_ip": "192.168.1.122",
            "public_dns": "",
            "public_ip": "18.216.146.193",
            "root_block_device": [
              {
                "delete_on_termination": true,
                "device_name": "/dev/sda1",
                "encrypted": false,
                "iops": 100,
                "kms_key_id": "",
                "tags": {},
                "throughput": 0,
                "volume_id": "vol-03a2ed55d59ea6e84",
                "volume_size": 10,
                "volume_type": "gp2"
              }
            ],
            "secondary_private_ips": [],
            "security_groups": [],
            "source_dest_check": true,
            "spot_instance_request_id": "",
            "subnet_id": "subnet-0595d9803b30d4de4",
            "tags": {
              "Name": "Batsion-ec2"
            },
            "tags_all": {
              "Name": "Batsion-ec2"
            },
            "tenancy": "default",
            "timeouts": null,
            "user_data": null,
            "user_data_base64": null,
            "user_data_replace_on_change": false,
            "volume_tags": null,
            "vpc_security_group_ids": [
              "sg-019f5d9bb4766bd62"
            ]
          },
          "sensitive_attributes": [],
          "private": "eyJlMmJmYjczMC1lY2FhLTExZTYtOGY4OC0zNDM2M2JjN2M0YzAiOnsiY3JlYXRlIjo2MDAwMDAwMDAwMDAsImRlbGV0ZSI6MTIwMDAwMDAwMDAwMCwidXBkYXRlIjo2MDAwMDAwMDAwMDB9LCJzY2hlbWFfdmVyc2lvbiI6IjEifQ==",
          "dependencies": [
            "aws_security_group.bastion",
            "aws_subnet.public-bastion",
            "aws_vpc.jenkins"
          ]
        }
      ]
    },
    {
      "mode": "managed",
      "type": "aws_instance",
      "name": "jenkins",
      "provider": "provider[\"registry.terraform.io/hashicorp/aws\"]",
      "instances": [
        {
          "schema_version": 1,
          "attributes": {
            "ami": "ami-05a36e1502605b4aa",
            "arn": "arn:aws:ec2:us-east-2:729855611727:instance/i-08c3e42bf78b34f84",
            "associate_public_ip_address": false,
            "availability_zone": "us-east-2b",
            "capacity_reservation_specification": [
              {
                "capacity_reservation_preference": "open",
                "capacity_reservation_target": []
              }
            ],
            "cpu_core_count": 8,
            "cpu_options": [
              {
                "amd_sev_snp": "",
                "core_count": 8,
                "threads_per_core": 1
              }
            ],
            "cpu_threads_per_core": 1,
            "credit_specification": [
              {
                "cpu_credits": "standard"
              }
            ],
            "disable_api_stop": false,
            "disable_api_termination": false,
            "ebs_block_device": [],
            "ebs_optimized": false,
            "enclave_options": [
              {
                "enabled": false
              }
            ],
            "ephemeral_block_device": [],
            "get_password_data": false,
            "hibernation": false,
            "host_id": "",
            "host_resource_group_arn": null,
            "iam_instance_profile": "profile6",
            "id": "i-08c3e42bf78b34f84",
            "instance_initiated_shutdown_behavior": "stop",
            "instance_lifecycle": "",
            "instance_market_options": [],
            "instance_state": "running",
            "instance_type": "t2.2xlarge",
            "ipv6_address_count": 0,
            "ipv6_addresses": [],
            "key_name": "anael1",
            "launch_template": [],
            "maintenance_options": [
              {
                "auto_recovery": "default"
              }
            ],
            "metadata_options": [
              {
                "http_endpoint": "enabled",
                "http_put_response_hop_limit": 1,
                "http_tokens": "optional",
                "instance_metadata_tags": "disabled"
              }
            ],
            "monitoring": false,
            "network_interface": [],
            "outpost_arn": "",
            "password_data": "",
            "placement_group": "",
            "placement_partition_number": 0,
            "primary_network_interface_id": "eni-08f15831d0f6a5ef6",
            "private_dns": "ip-192-168-4-91.us-east-2.compute.internal",
            "private_dns_name_options": [
              {
                "enable_resource_name_dns_a_record": false,
                "enable_resource_name_dns_aaaa_record": false,
                "hostname_type": "ip-name"
              }
            ],
            "private_ip": "192.168.4.91",
            "public_dns": "",
            "public_ip": "",
            "root_block_device": [
              {
                "delete_on_termination": true,
                "device_name": "/dev/sda1",
                "encrypted": false,
                "iops": 100,
                "kms_key_id": "",
                "tags": {},
                "throughput": 0,
                "volume_id": "vol-05ec556a50b05922b",
                "volume_size": 10,
                "volume_type": "gp2"
              }
            ],
            "secondary_private_ips": [],
            "security_groups": [],
            "source_dest_check": true,
            "spot_instance_request_id": "",
            "subnet_id": "subnet-084bbfd1421a175f2",
            "tags": {
              "Name": "jenkins-ec2"
            },
            "tags_all": {
              "Name": "jenkins-ec2"
            },
            "tenancy": "default",
            "timeouts": null,
            "user_data": "2ddd0d616e32aceb2b1bbd991d1616dcdd1703cb",
            "user_data_base64": null,
            "user_data_replace_on_change": false,
            "volume_tags": null,
            "vpc_security_group_ids": [
              "sg-02a7f9ee13735c62b"
            ]
          },
          "sensitive_attributes": [],
          "private": "eyJlMmJmYjczMC1lY2FhLTExZTYtOGY4OC0zNDM2M2JjN2M0YzAiOnsiY3JlYXRlIjo2MDAwMDAwMDAwMDAsImRlbGV0ZSI6MTIwMDAwMDAwMDAwMCwidXBkYXRlIjo2MDAwMDAwMDAwMDB9LCJzY2hlbWFfdmVyc2lvbiI6IjEifQ==",
          "dependencies": [
            "aws_iam_instance_profile.jenkins5",
            "aws_security_group.bastion",
            "aws_security_group.jenkins",
            "aws_security_group.lb",
            "aws_subnet.jenkins",
            "aws_vpc.jenkins"
          ]
        }
      ]
    },
    {
      "mode": "managed",
      "type": "aws_internet_gateway",
      "name": "igw",
      "provider": "provider[\"registry.terraform.io/hashicorp/aws\"]",
      "instances": [
        {
          "schema_version": 0,
          "attributes": {
            "arn": "arn:aws:ec2:us-east-2:729855611727:internet-gateway/igw-04d6543cbd6984b2f",
            "id": "igw-04d6543cbd6984b2f",
            "owner_id": "729855611727",
            "tags": {
              "Name": "jenkins-igw"
            },
            "tags_all": {
              "Name": "jenkins-igw"
            },
            "timeouts": null,
            "vpc_id": "vpc-068c6f656577a295f"
          },
          "sensitive_attributes": [],
          "private": "eyJlMmJmYjczMC1lY2FhLTExZTYtOGY4OC0zNDM2M2JjN2M0YzAiOnsiY3JlYXRlIjoxMjAwMDAwMDAwMDAwLCJkZWxldGUiOjEyMDAwMDAwMDAwMDAsInVwZGF0ZSI6MTIwMDAwMDAwMDAwMH19",
          "dependencies": [
            "aws_vpc.jenkins"
          ]
        }
      ]
    },
    {
      "mode": "managed",
      "type": "aws_key_pair",
      "name": "anael",
      "provider": "provider[\"registry.terraform.io/hashicorp/aws\"]",
      "instances": [
        {
          "schema_version": 1,
          "attributes": {
            "arn": "arn:aws:ec2:us-east-2:729855611727:key-pair/anael",
            "fingerprint": "f0:f0:7b:ac:aa:21:79:5e:0b:b1:b6:2e:f0:72:f0:65",
            "id": "anael",
            "key_name": "anael",
            "key_name_prefix": "",
            "key_pair_id": "key-0a3035eb439008c4f",
            "key_type": "rsa",
            "public_key": "ssh-rsa AAAAB3NzaC1yc2EAAAADAQABAAACAQC2Pe6wa2oInC3X+EarnB0gWDa4xVJqQFD2xbSee37HWd1s904bv4i05/DfFE2rKr/3wUaSqvGj581K6AB37RvulBDmpQsicTZTm7HujQO3HOXCEgDyydNRZiaxB2VgOiwPNwQbufggITq3BEBPummV/nNIO1dB2SBDm4aJg5TKwwqrskYxktO5Gv18XZxti2C/8pwE2h4SqrQBcNA+KihAWhviFa71aH2f1NdChdffUxS+7OmOQVGJhn8RZPfXrU0T2OVnQUCJH2E5FrvrbZz1gaepvoohxPOrgoluH4fjCUynIA/TiFO554UcaHy5I+A82UBH02XaKWAQOBtg0/l81uERmJpp9qFW8exqbBroiianxF116mUZWAM+4E7hn/2WTm++Ix8b3RfobrKHdqkTjlTJjq0LBvY5+4mCTrcgE87zLOYI6XTa8mW2breG8yh/zx05CbtuU5QJQBXCcilUxkA2y+qgR1InkEbTnmFhOvNNP19srNCse8uBiDJjjJS9wNPtC+Lk7BkUGyGBxiCPYSKbzlWoHAlIyl1ycLfhSd9gpiGdPKzktiySf++jK+5Bg/m0uRC2kgM4xZ8W1FkeCr36DHApi6X38K58Ub+qmq98JvC1QvnVMdXXP7r7ERPvu5DpHDmftOHJmOGdOhNrRRRpEZf2AL0/oNuLehOIcw==",
            "tags": {},
            "tags_all": {}
          },
          "sensitive_attributes": [],
          "private": "eyJzY2hlbWFfdmVyc2lvbiI6IjEifQ==",
          "dependencies": [
            "tls_private_key.anael"
          ]
        }
      ]
    },
    {
      "mode": "managed",
      "type": "aws_lb",
      "name": "lb",
      "provider": "provider[\"registry.terraform.io/hashicorp/aws\"]",
      "instances": [
        {
          "schema_version": 0,
          "attributes": {
            "access_logs": [
              {
                "bucket": "",
                "enabled": false,
                "prefix": ""
              }
            ],
            "arn": "arn:aws:elasticloadbalancing:us-east-2:729855611727:loadbalancer/app/my-lb/2c9649a0c23d2f40",
            "arn_suffix": "app/my-lb/2c9649a0c23d2f40",
            "customer_owned_ipv4_pool": "",
            "desync_mitigation_mode": "defensive",
            "dns_name": "my-lb-1851751538.us-east-2.elb.amazonaws.com",
            "drop_invalid_header_fields": false,
            "enable_cross_zone_load_balancing": true,
            "enable_deletion_protection": false,
            "enable_http2": true,
            "enable_tls_version_and_cipher_suite_headers": false,
            "enable_waf_fail_open": false,
            "enable_xff_client_port": false,
            "id": "arn:aws:elasticloadbalancing:us-east-2:729855611727:loadbalancer/app/my-lb/2c9649a0c23d2f40",
            "idle_timeout": 60,
            "internal": false,
            "ip_address_type": "ipv4",
            "load_balancer_type": "application",
            "name": "my-lb",
            "name_prefix": null,
            "preserve_host_header": false,
            "security_groups": [
              "sg-099d15e1188703643"
            ],
            "subnet_mapping": [
              {
                "allocation_id": "",
                "ipv6_address": "",
                "outpost_id": "",
                "private_ipv4_address": "",
                "subnet_id": "subnet-04f2d6f93a1e8160d"
              },
              {
                "allocation_id": "",
                "ipv6_address": "",
                "outpost_id": "",
                "private_ipv4_address": "",
                "subnet_id": "subnet-0595d9803b30d4de4"
              },
              {
                "allocation_id": "",
                "ipv6_address": "",
                "outpost_id": "",
                "private_ipv4_address": "",
                "subnet_id": "subnet-0a868247863c74643"
              }
            ],
            "subnets": [
              "subnet-04f2d6f93a1e8160d",
              "subnet-0595d9803b30d4de4",
              "subnet-0a868247863c74643"
            ],
            "tags": {},
            "tags_all": {},
            "timeouts": null,
            "vpc_id": "vpc-068c6f656577a295f",
            "xff_header_processing_mode": "append",
            "zone_id": "Z3AADJGX6KTTL2"
          },
          "sensitive_attributes": [],
          "private": "eyJlMmJmYjczMC1lY2FhLTExZTYtOGY4OC0zNDM2M2JjN2M0YzAiOnsiY3JlYXRlIjo2MDAwMDAwMDAwMDAsImRlbGV0ZSI6NjAwMDAwMDAwMDAwLCJ1cGRhdGUiOjYwMDAwMDAwMDAwMH19",
          "dependencies": [
            "aws_iam_instance_profile.jenkins5",
            "aws_instance.jenkins",
            "aws_security_group.bastion",
            "aws_security_group.jenkins",
            "aws_security_group.lb",
            "aws_subnet.jenkins",
            "aws_subnet.nat",
            "aws_subnet.public-bastion",
            "aws_subnet.public-lb",
            "aws_vpc.jenkins"
          ]
        }
      ]
    },
    {
      "mode": "managed",
      "type": "aws_lb_listener",
      "name": "http_eg1",
      "provider": "provider[\"registry.terraform.io/hashicorp/aws\"]",
      "instances": [
        {
          "schema_version": 0,
          "attributes": {
            "alpn_policy": null,
            "arn": "arn:aws:elasticloadbalancing:us-east-2:729855611727:listener/app/my-lb/2c9649a0c23d2f40/55f8397aa67ab387",
            "certificate_arn": null,
            "default_action": [
              {
                "authenticate_cognito": [],
                "authenticate_oidc": [],
                "fixed_response": [],
                "forward": [],
                "order": 1,
                "redirect": [
                  {
                    "host": "#{host}",
                    "path": "/#{path}",
                    "port": "443",
                    "protocol": "HTTPS",
                    "query": "#{query}",
                    "status_code": "HTTP_301"
                  }
                ],
                "target_group_arn": "",
                "type": "redirect"
              }
            ],
            "id": "arn:aws:elasticloadbalancing:us-east-2:729855611727:listener/app/my-lb/2c9649a0c23d2f40/55f8397aa67ab387",
            "load_balancer_arn": "arn:aws:elasticloadbalancing:us-east-2:729855611727:loadbalancer/app/my-lb/2c9649a0c23d2f40",
            "port": 80,
            "protocol": "HTTP",
            "ssl_policy": "",
            "tags": null,
            "tags_all": {},
            "timeouts": null
          },
          "sensitive_attributes": [],
          "private": "eyJlMmJmYjczMC1lY2FhLTExZTYtOGY4OC0zNDM2M2JjN2M0YzAiOnsicmVhZCI6NjAwMDAwMDAwMDAwfX0=",
          "dependencies": [
            "aws_lb.lb"
          ]
        }
      ]
    },
    {
      "mode": "managed",
      "type": "aws_lb_listener",
      "name": "my_app_eg2_tls",
      "provider": "provider[\"registry.terraform.io/hashicorp/aws\"]",
      "instances": [
        {
          "schema_version": 0,
          "attributes": {
            "alpn_policy": null,
            "arn": "arn:aws:elasticloadbalancing:us-east-2:729855611727:listener/app/my-lb/2c9649a0c23d2f40/499385c89bf53037",
            "certificate_arn": "arn:aws:acm:us-east-2:729855611727:certificate/acfb426c-3a41-4bdf-b33f-c32df3e49a2a",
            "default_action": [
              {
                "authenticate_cognito": [],
                "authenticate_oidc": [],
                "fixed_response": [],
                "forward": [],
                "order": 1,
                "redirect": [],
                "target_group_arn": "arn:aws:elasticloadbalancing:us-east-2:729855611727:targetgroup/my-tg/d238240be3fb71f3",
                "type": "forward"
              }
            ],
            "id": "arn:aws:elasticloadbalancing:us-east-2:729855611727:listener/app/my-lb/2c9649a0c23d2f40/499385c89bf53037",
            "load_balancer_arn": "arn:aws:elasticloadbalancing:us-east-2:729855611727:loadbalancer/app/my-lb/2c9649a0c23d2f40",
            "port": 443,
            "protocol": "HTTPS",
            "ssl_policy": "ELBSecurityPolicy-2016-08",
            "tags": {},
            "tags_all": {},
            "timeouts": null
          },
          "sensitive_attributes": [],
          "private": "eyJlMmJmYjczMC1lY2FhLTExZTYtOGY4OC0zNDM2M2JjN2M0YzAiOnsicmVhZCI6NjAwMDAwMDAwMDAwfX0=",
          "dependencies": [
            "aws_acm_certificate.api",
            "aws_acm_certificate_validation.api",
            "aws_iam_instance_profile.jenkins5",
            "aws_instance.jenkins",
            "aws_lb.lb",
            "aws_lb_target_group.tg",
            "aws_route53_record.api_validation",
            "aws_security_group.bastion",
            "aws_security_group.jenkins",
            "aws_security_group.lb",
            "aws_subnet.jenkins",
            "aws_subnet.nat",
            "aws_subnet.public-bastion",
            "aws_subnet.public-lb",
            "aws_vpc.jenkins",
            "data.aws_route53_zone.public"
          ]
        }
      ]
    },
    {
      "mode": "managed",
      "type": "aws_lb_target_group",
      "name": "tg",
      "provider": "provider[\"registry.terraform.io/hashicorp/aws\"]",
      "instances": [
        {
          "schema_version": 0,
          "attributes": {
            "arn": "arn:aws:elasticloadbalancing:us-east-2:729855611727:targetgroup/my-tg/d238240be3fb71f3",
            "arn_suffix": "targetgroup/my-tg/d238240be3fb71f3",
            "connection_termination": false,
            "deregistration_delay": "300",
            "health_check": [
              {
                "enabled": true,
                "healthy_threshold": 9,
                "interval": 30,
                "matcher": "200",
                "path": "/login",
                "port": "8080",
                "protocol": "HTTP",
                "timeout": 5,
                "unhealthy_threshold": 9
              }
            ],
            "id": "arn:aws:elasticloadbalancing:us-east-2:729855611727:targetgroup/my-tg/d238240be3fb71f3",
            "ip_address_type": "ipv4",
            "lambda_multi_value_headers_enabled": false,
            "load_balancing_algorithm_type": "round_robin",
            "load_balancing_cross_zone_enabled": "use_load_balancer_configuration",
            "name": "my-tg",
            "name_prefix": null,
            "port": 8080,
            "preserve_client_ip": null,
            "protocol": "HTTP",
            "protocol_version": "HTTP1",
            "proxy_protocol_v2": false,
            "slow_start": 0,
            "stickiness": [
              {
                "cookie_duration": 86400,
                "cookie_name": "",
                "enabled": false,
                "type": "lb_cookie"
              }
            ],
            "tags": {},
            "tags_all": {},
            "target_failover": [
              {
                "on_deregistration": null,
                "on_unhealthy": null
              }
            ],
            "target_type": "instance",
            "vpc_id": "vpc-068c6f656577a295f"
          },
          "sensitive_attributes": [],
          "private": "bnVsbA==",
          "dependencies": [
            "aws_iam_instance_profile.jenkins5",
            "aws_instance.jenkins",
            "aws_security_group.bastion",
            "aws_security_group.jenkins",
            "aws_security_group.lb",
            "aws_subnet.jenkins",
            "aws_vpc.jenkins"
          ]
        }
      ]
    },
    {
      "mode": "managed",
      "type": "aws_lb_target_group_attachment",
      "name": "tg",
      "provider": "provider[\"registry.terraform.io/hashicorp/aws\"]",
      "instances": [
        {
          "schema_version": 0,
          "attributes": {
            "availability_zone": null,
            "id": "arn:aws:elasticloadbalancing:us-east-2:729855611727:targetgroup/my-tg/d238240be3fb71f3-20230730224452423500000001",
            "port": 8080,
            "target_group_arn": "arn:aws:elasticloadbalancing:us-east-2:729855611727:targetgroup/my-tg/d238240be3fb71f3",
            "target_id": "i-08c3e42bf78b34f84"
          },
          "sensitive_attributes": [],
          "private": "bnVsbA==",
          "dependencies": [
            "aws_iam_instance_profile.jenkins5",
            "aws_instance.jenkins",
            "aws_lb_target_group.tg",
            "aws_security_group.bastion",
            "aws_security_group.jenkins",
            "aws_security_group.lb",
            "aws_subnet.jenkins",
            "aws_vpc.jenkins"
          ]
        }
      ]
    },
    {
      "mode": "managed",
      "type": "aws_nat_gateway",
      "name": "nat",
      "provider": "provider[\"registry.terraform.io/hashicorp/aws\"]",
      "instances": [
        {
          "schema_version": 0,
          "attributes": {
            "allocation_id": "eipalloc-00b2ce657310dbfd9",
            "association_id": "eipassoc-0154d7339f6676e5c",
            "connectivity_type": "public",
            "id": "nat-01c49353c8a91fd0b",
            "network_interface_id": "eni-01f311bdd12ca47bf",
            "private_ip": "192.168.3.49",
            "public_ip": "3.23.179.222",
            "secondary_allocation_ids": [],
            "secondary_private_ip_address_count": 0,
            "secondary_private_ip_addresses": [],
            "subnet_id": "subnet-0a868247863c74643",
            "tags": {
              "Name": "Jenkins-NAT"
            },
            "tags_all": {
              "Name": "Jenkins-NAT"
            },
            "timeouts": null
          },
          "sensitive_attributes": [],
          "private": "eyJlMmJmYjczMC1lY2FhLTExZTYtOGY4OC0zNDM2M2JjN2M0YzAiOnsiY3JlYXRlIjo2MDAwMDAwMDAwMDAsImRlbGV0ZSI6MTgwMDAwMDAwMDAwMCwidXBkYXRlIjo2MDAwMDAwMDAwMDB9fQ==",
          "dependencies": [
            "aws_eip.eip",
            "aws_internet_gateway.igw",
            "aws_subnet.nat",
            "aws_vpc.jenkins"
          ]
        }
      ]
    },
    {
      "mode": "managed",
      "type": "aws_route53_record",
      "name": "api",
      "provider": "provider[\"registry.terraform.io/hashicorp/aws\"]",
      "instances": [
        {
          "schema_version": 2,
          "attributes": {
            "alias": [
              {
                "evaluate_target_health": false,
                "name": "my-lb-1851751538.us-east-2.elb.amazonaws.com",
                "zone_id": "Z3AADJGX6KTTL2"
              }
            ],
            "allow_overwrite": null,
            "cidr_routing_policy": [],
            "failover_routing_policy": [],
            "fqdn": "jenkins.anaeleboo.com",
            "geolocation_routing_policy": [],
            "health_check_id": "",
            "id": "Z01286751JVQV1HHVOYWU_jenkins.anaeleboo.com_A",
            "latency_routing_policy": [],
            "multivalue_answer_routing_policy": false,
            "name": "jenkins.anaeleboo.com",
            "records": null,
            "set_identifier": "",
            "ttl": 0,
            "type": "A",
            "weighted_routing_policy": [],
            "zone_id": "Z01286751JVQV1HHVOYWU"
          },
          "sensitive_attributes": [],
          "private": "eyJzY2hlbWFfdmVyc2lvbiI6IjIifQ==",
          "dependencies": [
            "aws_acm_certificate.api",
            "aws_lb.lb",
            "data.aws_route53_zone.public"
          ]
        }
      ]
    },
    {
      "mode": "managed",
      "type": "aws_route53_record",
      "name": "api_validation",
      "provider": "provider[\"registry.terraform.io/hashicorp/aws\"]",
      "instances": [
        {
          "index_key": "jenkins.anaeleboo.com",
          "schema_version": 2,
          "attributes": {
            "alias": [],
            "allow_overwrite": true,
            "cidr_routing_policy": [],
            "failover_routing_policy": [],
            "fqdn": "_8b6bbcaf2965616fe16f6571ea1c0b91.jenkins.anaeleboo.com",
            "geolocation_routing_policy": [],
            "health_check_id": "",
            "id": "Z01286751JVQV1HHVOYWU__8b6bbcaf2965616fe16f6571ea1c0b91.jenkins.anaeleboo.com._CNAME",
            "latency_routing_policy": [],
            "multivalue_answer_routing_policy": false,
            "name": "_8b6bbcaf2965616fe16f6571ea1c0b91.jenkins.anaeleboo.com",
            "records": [
              "_01801f68a580a18772cb22ca0281ca5a.htgdxnmnnj.acm-validations.aws."
            ],
            "set_identifier": "",
            "ttl": 60,
            "type": "CNAME",
            "weighted_routing_policy": [],
            "zone_id": "Z01286751JVQV1HHVOYWU"
          },
          "sensitive_attributes": [],
          "private": "eyJzY2hlbWFfdmVyc2lvbiI6IjIifQ==",
          "dependencies": [
            "aws_acm_certificate.api",
            "data.aws_route53_zone.public"
          ]
        }
      ]
    },
    {
      "mode": "managed",
      "type": "aws_route_table",
      "name": "nat",
      "provider": "provider[\"registry.terraform.io/hashicorp/aws\"]",
      "instances": [
        {
          "schema_version": 0,
          "attributes": {
            "arn": "arn:aws:ec2:us-east-2:729855611727:route-table/rtb-071615b45d3b83f40",
            "id": "rtb-071615b45d3b83f40",
            "owner_id": "729855611727",
            "propagating_vgws": [],
            "route": [
              {
                "carrier_gateway_id": "",
                "cidr_block": "0.0.0.0/0",
                "core_network_arn": "",
                "destination_prefix_list_id": "",
                "egress_only_gateway_id": "",
                "gateway_id": "",
                "ipv6_cidr_block": "",
                "local_gateway_id": "",
                "nat_gateway_id": "nat-01c49353c8a91fd0b",
                "network_interface_id": "",
                "transit_gateway_id": "",
                "vpc_endpoint_id": "",
                "vpc_peering_connection_id": ""
              }
            ],
            "tags": {
              "Name": " route table private"
            },
            "tags_all": {
              "Name": " route table private"
            },
            "timeouts": null,
            "vpc_id": "vpc-068c6f656577a295f"
          },
          "sensitive_attributes": [],
          "private": "eyJlMmJmYjczMC1lY2FhLTExZTYtOGY4OC0zNDM2M2JjN2M0YzAiOnsiY3JlYXRlIjozMDAwMDAwMDAwMDAsImRlbGV0ZSI6MzAwMDAwMDAwMDAwLCJ1cGRhdGUiOjEyMDAwMDAwMDAwMH19",
          "dependencies": [
            "aws_eip.eip",
            "aws_internet_gateway.igw",
            "aws_nat_gateway.nat",
            "aws_subnet.nat",
            "aws_vpc.jenkins"
          ]
        }
      ]
    },
    {
      "mode": "managed",
      "type": "aws_route_table",
      "name": "public",
      "provider": "provider[\"registry.terraform.io/hashicorp/aws\"]",
      "instances": [
        {
          "schema_version": 0,
          "attributes": {
            "arn": "arn:aws:ec2:us-east-2:729855611727:route-table/rtb-0e6f63d79270c5a4b",
            "id": "rtb-0e6f63d79270c5a4b",
            "owner_id": "729855611727",
            "propagating_vgws": [],
            "route": [
              {
                "carrier_gateway_id": "",
                "cidr_block": "0.0.0.0/0",
                "core_network_arn": "",
                "destination_prefix_list_id": "",
                "egress_only_gateway_id": "",
                "gateway_id": "igw-04d6543cbd6984b2f",
                "ipv6_cidr_block": "",
                "local_gateway_id": "",
                "nat_gateway_id": "",
                "network_interface_id": "",
                "transit_gateway_id": "",
                "vpc_endpoint_id": "",
                "vpc_peering_connection_id": ""
              }
            ],
            "tags": {
              "Name": "Public route table"
            },
            "tags_all": {
              "Name": "Public route table"
            },
            "timeouts": null,
            "vpc_id": "vpc-068c6f656577a295f"
          },
          "sensitive_attributes": [],
          "private": "eyJlMmJmYjczMC1lY2FhLTExZTYtOGY4OC0zNDM2M2JjN2M0YzAiOnsiY3JlYXRlIjozMDAwMDAwMDAwMDAsImRlbGV0ZSI6MzAwMDAwMDAwMDAwLCJ1cGRhdGUiOjEyMDAwMDAwMDAwMH19",
          "dependencies": [
            "aws_internet_gateway.igw",
            "aws_vpc.jenkins"
          ]
        }
      ]
    },
    {
      "mode": "managed",
      "type": "aws_route_table_association",
      "name": "bastion",
      "provider": "provider[\"registry.terraform.io/hashicorp/aws\"]",
      "instances": [
        {
          "schema_version": 0,
          "attributes": {
            "gateway_id": "",
            "id": "rtbassoc-0cc8301718f85d1b5",
            "route_table_id": "rtb-0e6f63d79270c5a4b",
            "subnet_id": "subnet-0595d9803b30d4de4",
            "timeouts": null
          },
          "sensitive_attributes": [],
          "private": "eyJlMmJmYjczMC1lY2FhLTExZTYtOGY4OC0zNDM2M2JjN2M0YzAiOnsiY3JlYXRlIjozMDAwMDAwMDAwMDAsImRlbGV0ZSI6MzAwMDAwMDAwMDAwLCJ1cGRhdGUiOjEyMDAwMDAwMDAwMH19",
          "dependencies": [
            "aws_internet_gateway.igw",
            "aws_route_table.public",
            "aws_subnet.public-bastion",
            "aws_vpc.jenkins"
          ]
        }
      ]
    },
    {
      "mode": "managed",
      "type": "aws_route_table_association",
      "name": "jenkins",
      "provider": "provider[\"registry.terraform.io/hashicorp/aws\"]",
      "instances": [
        {
          "schema_version": 0,
          "attributes": {
            "gateway_id": "",
            "id": "rtbassoc-03da519d6e1412597",
            "route_table_id": "rtb-071615b45d3b83f40",
            "subnet_id": "subnet-084bbfd1421a175f2",
            "timeouts": null
          },
          "sensitive_attributes": [],
          "private": "eyJlMmJmYjczMC1lY2FhLTExZTYtOGY4OC0zNDM2M2JjN2M0YzAiOnsiY3JlYXRlIjozMDAwMDAwMDAwMDAsImRlbGV0ZSI6MzAwMDAwMDAwMDAwLCJ1cGRhdGUiOjEyMDAwMDAwMDAwMH19",
          "dependencies": [
            "aws_eip.eip",
            "aws_internet_gateway.igw",
            "aws_nat_gateway.nat",
            "aws_route_table.nat",
            "aws_subnet.jenkins",
            "aws_subnet.nat",
            "aws_vpc.jenkins"
          ]
        }
      ]
    },
    {
      "mode": "managed",
      "type": "aws_route_table_association",
      "name": "lb",
      "provider": "provider[\"registry.terraform.io/hashicorp/aws\"]",
      "instances": [
        {
          "schema_version": 0,
          "attributes": {
            "gateway_id": "",
            "id": "rtbassoc-042e3182767eba908",
            "route_table_id": "rtb-0e6f63d79270c5a4b",
            "subnet_id": "subnet-04f2d6f93a1e8160d",
            "timeouts": null
          },
          "sensitive_attributes": [],
          "private": "eyJlMmJmYjczMC1lY2FhLTExZTYtOGY4OC0zNDM2M2JjN2M0YzAiOnsiY3JlYXRlIjozMDAwMDAwMDAwMDAsImRlbGV0ZSI6MzAwMDAwMDAwMDAwLCJ1cGRhdGUiOjEyMDAwMDAwMDAwMH19",
          "dependencies": [
            "aws_internet_gateway.igw",
            "aws_route_table.public",
            "aws_subnet.public-lb",
            "aws_vpc.jenkins"
          ]
        }
      ]
    },
    {
      "mode": "managed",
      "type": "aws_route_table_association",
      "name": "nat",
      "provider": "provider[\"registry.terraform.io/hashicorp/aws\"]",
      "instances": [
        {
          "schema_version": 0,
          "attributes": {
            "gateway_id": "",
            "id": "rtbassoc-09c99dc6e356d9b3d",
            "route_table_id": "rtb-0e6f63d79270c5a4b",
            "subnet_id": "subnet-0a868247863c74643",
            "timeouts": null
          },
          "sensitive_attributes": [],
          "private": "eyJlMmJmYjczMC1lY2FhLTExZTYtOGY4OC0zNDM2M2JjN2M0YzAiOnsiY3JlYXRlIjozMDAwMDAwMDAwMDAsImRlbGV0ZSI6MzAwMDAwMDAwMDAwLCJ1cGRhdGUiOjEyMDAwMDAwMDAwMH19",
          "dependencies": [
            "aws_internet_gateway.igw",
            "aws_route_table.public",
            "aws_subnet.nat",
            "aws_vpc.jenkins"
          ]
        }
      ]
    },
    {
      "mode": "managed",
      "type": "aws_security_group",
      "name": "bastion",
      "provider": "provider[\"registry.terraform.io/hashicorp/aws\"]",
      "instances": [
        {
          "schema_version": 1,
          "attributes": {
            "arn": "arn:aws:ec2:us-east-2:729855611727:security-group/sg-019f5d9bb4766bd62",
            "description": "Security group for bastion hosts",
            "egress": [
              {
                "cidr_blocks": [
                  "0.0.0.0/0"
                ],
                "description": "Allow ssh outgoing traffic to jenkins",
                "from_port": 22,
                "ipv6_cidr_blocks": [],
                "prefix_list_ids": [],
                "protocol": "tcp",
                "security_groups": [],
                "self": false,
                "to_port": 22
              }
            ],
            "id": "sg-019f5d9bb4766bd62",
            "ingress": [
              {
                "cidr_blocks": [
                  "0.0.0.0/0"
                ],
                "description": "Allow incoming SSH from management IPs",
                "from_port": 22,
                "ipv6_cidr_blocks": [],
                "prefix_list_ids": [],
                "protocol": "tcp",
                "security_groups": [],
                "self": false,
                "to_port": 22
              }
            ],
            "name": "Bastion-sg",
            "name_prefix": "",
            "owner_id": "729855611727",
            "revoke_rules_on_delete": false,
            "tags": {
              "Name": "Bastion-sg"
            },
            "tags_all": {
              "Name": "Bastion-sg"
            },
            "timeouts": null,
            "vpc_id": "vpc-068c6f656577a295f"
          },
          "sensitive_attributes": [],
          "private": "eyJlMmJmYjczMC1lY2FhLTExZTYtOGY4OC0zNDM2M2JjN2M0YzAiOnsiY3JlYXRlIjo2MDAwMDAwMDAwMDAsImRlbGV0ZSI6OTAwMDAwMDAwMDAwfSwic2NoZW1hX3ZlcnNpb24iOiIxIn0=",
          "dependencies": [
            "aws_vpc.jenkins"
          ]
        }
      ]
    },
    {
      "mode": "managed",
      "type": "aws_security_group",
      "name": "jenkins",
      "provider": "provider[\"registry.terraform.io/hashicorp/aws\"]",
      "instances": [
        {
          "schema_version": 1,
          "attributes": {
            "arn": "arn:aws:ec2:us-east-2:729855611727:security-group/sg-02a7f9ee13735c62b",
            "description": "Security group for jenkins",
            "egress": [
              {
                "cidr_blocks": [
                  "0.0.0.0/0"
                ],
                "description": "Allow all outgoing traffic",
                "from_port": 0,
                "ipv6_cidr_blocks": [],
                "prefix_list_ids": [],
                "protocol": "-1",
                "security_groups": [],
                "self": false,
                "to_port": 0
              }
            ],
            "id": "sg-02a7f9ee13735c62b",
            "ingress": [
              {
                "cidr_blocks": [],
                "description": "Allow incoming SSH traffic from bastion hosts",
                "from_port": 22,
                "ipv6_cidr_blocks": [],
                "prefix_list_ids": [],
                "protocol": "tcp",
                "security_groups": [
                  "sg-019f5d9bb4766bd62"
                ],
                "self": false,
                "to_port": 22
              },
              {
                "cidr_blocks": [],
                "description": "Allow incoming tcp from LB",
                "from_port": 8080,
                "ipv6_cidr_blocks": [],
                "prefix_list_ids": [],
                "protocol": "tcp",
                "security_groups": [
                  "sg-099d15e1188703643"
                ],
                "self": false,
                "to_port": 8080
              }
            ],
            "name": "SG-web",
            "name_prefix": "",
            "owner_id": "729855611727",
            "revoke_rules_on_delete": false,
            "tags": {
              "Name": "jenkins-sg"
            },
            "tags_all": {
              "Name": "jenkins-sg"
            },
            "timeouts": null,
            "vpc_id": "vpc-068c6f656577a295f"
          },
          "sensitive_attributes": [],
          "private": "eyJlMmJmYjczMC1lY2FhLTExZTYtOGY4OC0zNDM2M2JjN2M0YzAiOnsiY3JlYXRlIjo2MDAwMDAwMDAwMDAsImRlbGV0ZSI6OTAwMDAwMDAwMDAwfSwic2NoZW1hX3ZlcnNpb24iOiIxIn0=",
          "dependencies": [
            "aws_security_group.bastion",
            "aws_security_group.lb",
            "aws_vpc.jenkins"
          ]
        }
      ]
    },
    {
      "mode": "managed",
      "type": "aws_security_group",
      "name": "lb",
      "provider": "provider[\"registry.terraform.io/hashicorp/aws\"]",
      "instances": [
        {
          "schema_version": 1,
          "attributes": {
            "arn": "arn:aws:ec2:us-east-2:729855611727:security-group/sg-099d15e1188703643",
            "description": "Security group for the load-balancer",
            "egress": [
              {
                "cidr_blocks": [
                  "0.0.0.0/0"
                ],
                "description": "",
                "from_port": 8080,
                "ipv6_cidr_blocks": [],
                "prefix_list_ids": [],
                "protocol": "tcp",
                "security_groups": [],
                "self": false,
                "to_port": 8080
              }
            ],
            "id": "sg-099d15e1188703643",
            "ingress": [
              {
                "cidr_blocks": [
                  "0.0.0.0/0"
                ],
                "description": "Allow incoming HTTP traffic from anywhere",
                "from_port": 80,
                "ipv6_cidr_blocks": [],
                "prefix_list_ids": [],
                "protocol": "tcp",
                "security_groups": [],
                "self": false,
                "to_port": 80
              },
              {
                "cidr_blocks": [
                  "0.0.0.0/0"
                ],
                "description": "Allow incoming HTTPS traffic from anywhere",
                "from_port": 443,
                "ipv6_cidr_blocks": [],
                "prefix_list_ids": [],
                "protocol": "tcp",
                "security_groups": [],
                "self": false,
                "to_port": 443
              }
            ],
            "name": "SG-loadbalancer",
            "name_prefix": "",
            "owner_id": "729855611727",
            "revoke_rules_on_delete": false,
            "tags": {
              "Name": "lb-sg"
            },
            "tags_all": {
              "Name": "lb-sg"
            },
            "timeouts": null,
            "vpc_id": "vpc-068c6f656577a295f"
          },
          "sensitive_attributes": [],
          "private": "eyJlMmJmYjczMC1lY2FhLTExZTYtOGY4OC0zNDM2M2JjN2M0YzAiOnsiY3JlYXRlIjo2MDAwMDAwMDAwMDAsImRlbGV0ZSI6OTAwMDAwMDAwMDAwfSwic2NoZW1hX3ZlcnNpb24iOiIxIn0=",
          "dependencies": [
            "aws_vpc.jenkins"
          ]
        }
      ]
    },
    {
      "mode": "managed",
      "type": "aws_subnet",
      "name": "jenkins",
      "provider": "provider[\"registry.terraform.io/hashicorp/aws\"]",
      "instances": [
        {
          "schema_version": 1,
          "attributes": {
            "arn": "arn:aws:ec2:us-east-2:729855611727:subnet/subnet-084bbfd1421a175f2",
            "assign_ipv6_address_on_creation": false,
            "availability_zone": "us-east-2b",
            "availability_zone_id": "use2-az2",
            "cidr_block": "192.168.4.0/24",
            "customer_owned_ipv4_pool": "",
            "enable_dns64": false,
            "enable_lni_at_device_index": 0,
            "enable_resource_name_dns_a_record_on_launch": false,
            "enable_resource_name_dns_aaaa_record_on_launch": false,
            "id": "subnet-084bbfd1421a175f2",
            "ipv6_cidr_block": "",
            "ipv6_cidr_block_association_id": "",
            "ipv6_native": false,
            "map_customer_owned_ip_on_launch": false,
            "map_public_ip_on_launch": false,
            "outpost_arn": "",
            "owner_id": "729855611727",
            "private_dns_hostname_type_on_launch": "ip-name",
            "tags": {
              "Name": "jenkins-subnet"
            },
            "tags_all": {
              "Name": "jenkins-subnet"
            },
            "timeouts": null,
            "vpc_id": "vpc-068c6f656577a295f"
          },
          "sensitive_attributes": [],
          "private": "eyJlMmJmYjczMC1lY2FhLTExZTYtOGY4OC0zNDM2M2JjN2M0YzAiOnsiY3JlYXRlIjo2MDAwMDAwMDAwMDAsImRlbGV0ZSI6MTIwMDAwMDAwMDAwMH0sInNjaGVtYV92ZXJzaW9uIjoiMSJ9",
          "dependencies": [
            "aws_vpc.jenkins"
          ]
        }
      ]
    },
    {
      "mode": "managed",
      "type": "aws_subnet",
      "name": "nat",
      "provider": "provider[\"registry.terraform.io/hashicorp/aws\"]",
      "instances": [
        {
          "schema_version": 1,
          "attributes": {
            "arn": "arn:aws:ec2:us-east-2:729855611727:subnet/subnet-0a868247863c74643",
            "assign_ipv6_address_on_creation": false,
            "availability_zone": "us-east-2c",
            "availability_zone_id": "use2-az3",
            "cidr_block": "192.168.3.0/24",
            "customer_owned_ipv4_pool": "",
            "enable_dns64": false,
            "enable_lni_at_device_index": 0,
            "enable_resource_name_dns_a_record_on_launch": false,
            "enable_resource_name_dns_aaaa_record_on_launch": false,
            "id": "subnet-0a868247863c74643",
            "ipv6_cidr_block": "",
            "ipv6_cidr_block_association_id": "",
            "ipv6_native": false,
            "map_customer_owned_ip_on_launch": false,
            "map_public_ip_on_launch": true,
            "outpost_arn": "",
            "owner_id": "729855611727",
            "private_dns_hostname_type_on_launch": "ip-name",
            "tags": {
              "Name": "nat-subnet"
            },
            "tags_all": {
              "Name": "nat-subnet"
            },
            "timeouts": null,
            "vpc_id": "vpc-068c6f656577a295f"
          },
          "sensitive_attributes": [],
          "private": "eyJlMmJmYjczMC1lY2FhLTExZTYtOGY4OC0zNDM2M2JjN2M0YzAiOnsiY3JlYXRlIjo2MDAwMDAwMDAwMDAsImRlbGV0ZSI6MTIwMDAwMDAwMDAwMH0sInNjaGVtYV92ZXJzaW9uIjoiMSJ9",
          "dependencies": [
            "aws_vpc.jenkins"
          ]
        }
      ]
    },
    {
      "mode": "managed",
      "type": "aws_subnet",
      "name": "public-bastion",
      "provider": "provider[\"registry.terraform.io/hashicorp/aws\"]",
      "instances": [
        {
          "schema_version": 1,
          "attributes": {
            "arn": "arn:aws:ec2:us-east-2:729855611727:subnet/subnet-0595d9803b30d4de4",
            "assign_ipv6_address_on_creation": false,
            "availability_zone": "us-east-2a",
            "availability_zone_id": "use2-az1",
            "cidr_block": "192.168.1.0/24",
            "customer_owned_ipv4_pool": "",
            "enable_dns64": false,
            "enable_lni_at_device_index": 0,
            "enable_resource_name_dns_a_record_on_launch": false,
            "enable_resource_name_dns_aaaa_record_on_launch": false,
            "id": "subnet-0595d9803b30d4de4",
            "ipv6_cidr_block": "",
            "ipv6_cidr_block_association_id": "",
            "ipv6_native": false,
            "map_customer_owned_ip_on_launch": false,
            "map_public_ip_on_launch": true,
            "outpost_arn": "",
            "owner_id": "729855611727",
            "private_dns_hostname_type_on_launch": "ip-name",
            "tags": {
              "Name": "bastion-subnet"
            },
            "tags_all": {
              "Name": "bastion-subnet"
            },
            "timeouts": null,
            "vpc_id": "vpc-068c6f656577a295f"
          },
          "sensitive_attributes": [],
          "private": "eyJlMmJmYjczMC1lY2FhLTExZTYtOGY4OC0zNDM2M2JjN2M0YzAiOnsiY3JlYXRlIjo2MDAwMDAwMDAwMDAsImRlbGV0ZSI6MTIwMDAwMDAwMDAwMH0sInNjaGVtYV92ZXJzaW9uIjoiMSJ9",
          "dependencies": [
            "aws_vpc.jenkins"
          ]
        }
      ]
    },
    {
      "mode": "managed",
      "type": "aws_subnet",
      "name": "public-lb",
      "provider": "provider[\"registry.terraform.io/hashicorp/aws\"]",
      "instances": [
        {
          "schema_version": 1,
          "attributes": {
            "arn": "arn:aws:ec2:us-east-2:729855611727:subnet/subnet-04f2d6f93a1e8160d",
            "assign_ipv6_address_on_creation": false,
            "availability_zone": "us-east-2b",
            "availability_zone_id": "use2-az2",
            "cidr_block": "192.168.2.0/24",
            "customer_owned_ipv4_pool": "",
            "enable_dns64": false,
            "enable_lni_at_device_index": 0,
            "enable_resource_name_dns_a_record_on_launch": false,
            "enable_resource_name_dns_aaaa_record_on_launch": false,
            "id": "subnet-04f2d6f93a1e8160d",
            "ipv6_cidr_block": "",
            "ipv6_cidr_block_association_id": "",
            "ipv6_native": false,
            "map_customer_owned_ip_on_launch": false,
            "map_public_ip_on_launch": true,
            "outpost_arn": "",
            "owner_id": "729855611727",
            "private_dns_hostname_type_on_launch": "ip-name",
            "tags": {
              "Name": "lb-subnet"
            },
            "tags_all": {
              "Name": "lb-subnet"
            },
            "timeouts": null,
            "vpc_id": "vpc-068c6f656577a295f"
          },
          "sensitive_attributes": [],
          "private": "eyJlMmJmYjczMC1lY2FhLTExZTYtOGY4OC0zNDM2M2JjN2M0YzAiOnsiY3JlYXRlIjo2MDAwMDAwMDAwMDAsImRlbGV0ZSI6MTIwMDAwMDAwMDAwMH0sInNjaGVtYV92ZXJzaW9uIjoiMSJ9",
          "dependencies": [
            "aws_vpc.jenkins"
          ]
        }
      ]
    },
    {
      "mode": "managed",
      "type": "aws_vpc",
      "name": "jenkins",
      "provider": "provider[\"registry.terraform.io/hashicorp/aws\"]",
      "instances": [
        {
          "schema_version": 1,
          "attributes": {
            "arn": "arn:aws:ec2:us-east-2:729855611727:vpc/vpc-068c6f656577a295f",
            "assign_generated_ipv6_cidr_block": false,
            "cidr_block": "192.168.0.0/16",
            "default_network_acl_id": "acl-04e80d9145660d1d6",
            "default_route_table_id": "rtb-0504fd4f451633906",
            "default_security_group_id": "sg-0141a9e62a5ebd5e8",
            "dhcp_options_id": "dopt-0b1f95f4d053dd89a",
            "enable_dns_hostnames": false,
            "enable_dns_support": true,
            "enable_network_address_usage_metrics": false,
            "id": "vpc-068c6f656577a295f",
            "instance_tenancy": "default",
            "ipv4_ipam_pool_id": null,
            "ipv4_netmask_length": null,
            "ipv6_association_id": "",
            "ipv6_cidr_block": "",
            "ipv6_cidr_block_network_border_group": "",
            "ipv6_ipam_pool_id": "",
            "ipv6_netmask_length": 0,
            "main_route_table_id": "rtb-0504fd4f451633906",
            "owner_id": "729855611727",
            "tags": {
              "Name": "Jenkins-vpc"
            },
            "tags_all": {
              "Name": "Jenkins-vpc"
            }
          },
          "sensitive_attributes": [],
          "private": "eyJzY2hlbWFfdmVyc2lvbiI6IjEifQ=="
        }
      ]
    },
    {
      "mode": "managed",
      "type": "local_file",
      "name": "ssh_key",
      "provider": "provider[\"registry.terraform.io/hashicorp/local\"]",
      "instances": [
        {
          "schema_version": 0,
          "attributes": {
            "content": "-----BEGIN RSA PRIVATE KEY-----\nMIIJKQIBAAKCAgEAtj3usGtqCJwt1/hGq5wdIFg2uMVSakBQ9sW0nnt+x1ndbPdO\nG7+ItOfw3xRNqyq/98FGkqrxo+fNSugAd+0b7pQQ5qULInE2U5ux7o0DtxzlwhIA\n8snTUWYmsQdlYDosDzcEG7n4ICE6twRAT7pplf5zSDtXQdkgQ5uGiYOUysMKq7JG\nMZLTuRr9fF2cbYtgv/KcBNoeEqq0AXDQPiooQFob4hWu9Wh9n9TXQoXX31MUvuzp\njkFRiYZ/EWT3161NE9jlZ0FAiR9hORa7622c9YGnqb6KIcTzq4KJbh+H4wlMpyAP\n04hTueeFHGh8uSPgPNlAR9Nl2ilgEDgbYNP5fNbhEZiaafahVvHsamwa6Iomp8Rd\ndeplGVgDPuBO4Z/9lk5vviMfG90X6G6yh3apE45UyY6tCwb2OfuJgk63IBPO8yzm\nCOl02vJltm63hvMof88dOQm7blOUCUAVwnIpVMZANsvqoEdSJ5BG055hYTrzTT9f\nbKzQrHvLgYgyY4yUvcDT7Qvi5OwZFBshgcYgj2Eim85VqBwJSMpdcnC34UnfYKYh\nnTys5LYskn/voyvuQYP5tLkQtpIDOMWfFtRZHgq9+gxwKYul9/CufFG/qpqvfCbw\ntUL51THV1z+6+xET77uQ6Rw5n7ThyZjhnToTa0UUaRGX9gC9P6Dbi3oTiHMCAwEA\nAQKCAgAXdsXipRHT5ffpFKhUtBbz8Seqho1j7L//5diphxD9rc5al0TRQcniMPLM\nZhrR7QEmbxYdEDFofxHpkRFuX3L3Ns0uRRW364epICS6qCFQVEIoyJSireWtV0+n\n/2HID/VYSCcZQsp1qJGcuslk+oVZsJc7N5i2e7QxwDaEQhLIQHCBRsTO4S6taJI2\njv7zA70DOcNoxISWtq/Sd6n4NwlTr8ZjR5NtOXTjPU4x3HW85T+IjYxMqpBK+qwl\nmzBl7oQ8B/MRZk9e2FF2Pj0XxNcurPDfZA745hjRfk8fhKPEUZAy/GfNPoI5L1vu\nGm3kkH/wlbA3DzrP6f/aVr7/qos2lbma0fbimAR3LnSf8IEkIrM9nqTpPQHzokvQ\nNR1aLaTYqXuIPAxquRThk+TeJbK8Ry/Ud6zCO5vLsXheI1M5P+iYy3xaVTaJSF7u\nD8LLaR/p8lpTj/QzR29ND1ZtLunfnT6yChhwGxH14974L/hwpGrQRAcjDSgSPXH2\nDLsM2qbK9ZQvsxy5r5iAcjeWIjDf4gqE5CrdwAVVBiqhLfOWy4AlUi8pkE1/f7MI\nv1HfvS9w48rmbbkXtdPvTW219vJrzy+hT61RVni/WoQSTBGWqPUX6/8fpB2m70sS\nv3oJkgP4amE6zSYj3XNf5FU7bRad6gMylLWclfYePiog9eT7kQKCAQEA7hioLD1w\nUxxStdMEFlXn6vvhZPBoqMfrA1PSoHEB8B6ydHXuAfPmJMOEKtG8bjeoyWIhkP7M\nWVFeXST/z1VxAO9HVkMgoi0/7WbhH+HOqfmXwj7ClOrDKlHjAXi1//TzLg/VjOD5\n4Du4jv1h+LKsSzi+Dawm8U6wKFThCPrDJJgVVrY3gOQhHkiNIvXqQDyfyeqG1p6i\n20qLMOObvFp5MFlNU6a4h0hrlho7Kqa8/kGHkv/DsTLAnJiii2SkOZgmyQFJDYMq\nUTI6L/QIHCLO7zV+yGPfd+Ws6hdDmTEK1FY1IMx3eyxJU1GRkjfKn19/+tTUccUB\nyJImS9aytNvJVwKCAQEAw/IUuuOpwl9cIQrySN9/zrJhWPpfx9uo5IIz2gB7S6kP\nOebUVD1jyi5Tnar4dqsASDDcjZJGbxWO0qJpwBVk86EXS+RS14ucRCeYfN0Gvq0V\nfWsOUxXdWlRG7jsZROgnXtbHxJNC5+efMDm6AeTQGBiW3+yznHegxxv9UCiXUEXJ\nWfDj3IiKRYa93HCC5jddofJlOUEgOkfHv3iGC8dEU85//HwdVla0jaPFwZNwrIQw\n9DLZxa6Wqpx9jQXbvUSNoOWiRag32OEmFJpFHn93xwghnyPvHni6ul1emfRldyCP\nZCsDq1a6FliJV+CAMasHm4XjYxRi2SAcLOZKqX1cRQKCAQEAsYi7JTmunpoY5jDw\n9EKcCnBEMYK9V1SyXSnMfQummUgaYpJopRYa/kC3NUJskXZ5Kag9RSNodhUhGqzy\n/cNE3qCMfbrSA3tgFoHGzYIPGljcmt83MdkXK2Aht0At3Svlg+wUnNZIG7YMOLqg\nqdN4eyJVPFaoNvgoi/o2Tf7FMW0hRCXcnwP72dvZOT9KqxlJQELaxf9FieQ8g3jD\n8B86DB4adYx0PZN3fVYT1gq8E44DLE3/ugoQ6vM5CF1Dwxo7mVeXBDdQf3jHQGhi\n/6/Iwz8NSRiHUZx1YZt1MS4LWCbruIgdcz+jcTf6Jp/pOwr3n63AtxBh8w9e9N+j\nIw5bQwKCAQBt+b4W0tahyIHd7dXkfsSuD0JB/WyqsKfPcSCHF8QbyAxKtDqx+S67\n+Fpn4ODJQdrLqdjwAIxVpqTdpdhyvc9GSkDYEJNKdQpE2nBkjG1PsbehB+gnS9tL\n6odRCIx7N015llTTCNABdufK2muCypjdHVf44FJC3IW5mwUG63FZ1YFYYLKTQXNR\n6HlBc0iUy7hav8B+bQYYj9cVqSCbFcFMxFbjMAoLPmjiImxI5GbV/O+47514rS/V\nHDX/Y61cQlC3YIs+S1bk/CEyaQ+oOWTRqcetGS8JTDuJhAQnppsYTIcOcnIBxZB2\nIEUdtFxfBB4l9PSV1IhSUwpdTPfUvw59AoIBAQCXOwEhgqCRlBIu16ylYvrD44pi\nEp1BQn1egUaLkgFT6XPvbOxNAuE/7Y6IphyvHdgDGOuSgO6UJrML+sVuVhMxm9uv\n65LnCdHi5ZUJHaSBjN8mAGibvnLIxKJ1j6cSqpKBSRn+sbQgSrXX0dALX3z6YuiR\nrWjk3mkEWpC+5jizN+NU7bK+qpzMaoIJJmYW+f7XyW1Zce8QTjnYO79gV4PJh+Zi\nnMgBZN7BshZQMfAd7fJER287LhTfrMWSNfRv1eOHBky3o+mz9XDOw75OYP6yu9/f\n234PgA2DNtS3WHNMYWFHQ04o20rXekHhjUUdnGKE5XVsaQ/VGIFPIEBOFdDP\n-----END RSA PRIVATE KEY-----\n",
            "content_base64": null,
            "content_base64sha256": "Zurme28BDpGTzE6dVAO4mUxq/lwUl2lSFihrPyNpEq0=",
            "content_base64sha512": "CGhCskoK839EPIYFK7qgoMVKTZ1K1Q1B7Zh5E23W3fqMCPQnh6olDLhl+0rzyfn2I5nRrxY/zqTJLZ7jat7Ixg==",
            "content_md5": "debe0fbc4aa23f590eac4c84ed3e7ccb",
            "content_sha1": "cc9eb10c28c26f11ed157b6b03cf4fc3c5d67f72",
            "content_sha256": "66eae67b6f010e9193cc4e9d5403b8994c6afe5c1497695216286b3f236912ad",
            "content_sha512": "086842b24a0af37f443c86052bbaa0a0c54a4d9d4ad50d41ed9879136dd6ddfa8c08f42787aa250cb865fb4af3c9f9f62399d1af163fcea4c92d9ee36adec8c6",
            "directory_permission": "0777",
            "file_permission": "0777",
            "filename": "anael.pem",
            "id": "cc9eb10c28c26f11ed157b6b03cf4fc3c5d67f72",
            "sensitive_content": null,
            "source": null
          },
          "sensitive_attributes": [
            [
              {
                "type": "get_attr",
                "value": "content"
              }
            ]
          ],
          "dependencies": [
            "aws_key_pair.anael",
            "tls_private_key.anael"
          ]
        }
      ]
    },
    {
      "mode": "managed",
      "type": "tls_private_key",
      "name": "anael",
      "provider": "provider[\"registry.terraform.io/hashicorp/tls\"]",
      "instances": [
        {
          "schema_version": 1,
          "attributes": {
            "algorithm": "RSA",
            "ecdsa_curve": "P224",
            "id": "98a80f7e08b30706115e4d9b0f683560e90f57e1",
            "private_key_openssh": "-----BEGIN OPENSSH PRIVATE KEY-----\nb3BlbnNzaC1rZXktdjEAAAAABG5vbmUAAAAEbm9uZQAAAAAAAAABAAACFwAAAAdz\nc2gtcnNhAAAAAwEAAQAAAgEAtj3usGtqCJwt1/hGq5wdIFg2uMVSakBQ9sW0nnt+\nx1ndbPdOG7+ItOfw3xRNqyq/98FGkqrxo+fNSugAd+0b7pQQ5qULInE2U5ux7o0D\ntxzlwhIA8snTUWYmsQdlYDosDzcEG7n4ICE6twRAT7pplf5zSDtXQdkgQ5uGiYOU\nysMKq7JGMZLTuRr9fF2cbYtgv/KcBNoeEqq0AXDQPiooQFob4hWu9Wh9n9TXQoXX\n31MUvuzpjkFRiYZ/EWT3161NE9jlZ0FAiR9hORa7622c9YGnqb6KIcTzq4KJbh+H\n4wlMpyAP04hTueeFHGh8uSPgPNlAR9Nl2ilgEDgbYNP5fNbhEZiaafahVvHsamwa\n6Iomp8RddeplGVgDPuBO4Z/9lk5vviMfG90X6G6yh3apE45UyY6tCwb2OfuJgk63\nIBPO8yzmCOl02vJltm63hvMof88dOQm7blOUCUAVwnIpVMZANsvqoEdSJ5BG055h\nYTrzTT9fbKzQrHvLgYgyY4yUvcDT7Qvi5OwZFBshgcYgj2Eim85VqBwJSMpdcnC3\n4UnfYKYhnTys5LYskn/voyvuQYP5tLkQtpIDOMWfFtRZHgq9+gxwKYul9/CufFG/\nqpqvfCbwtUL51THV1z+6+xET77uQ6Rw5n7ThyZjhnToTa0UUaRGX9gC9P6Dbi3oT\niHMAAAc4NxnvezcZ73sAAAAHc3NoLXJzYQAAAgEAtj3usGtqCJwt1/hGq5wdIFg2\nuMVSakBQ9sW0nnt+x1ndbPdOG7+ItOfw3xRNqyq/98FGkqrxo+fNSugAd+0b7pQQ\n5qULInE2U5ux7o0DtxzlwhIA8snTUWYmsQdlYDosDzcEG7n4ICE6twRAT7pplf5z\nSDtXQdkgQ5uGiYOUysMKq7JGMZLTuRr9fF2cbYtgv/KcBNoeEqq0AXDQPiooQFob\n4hWu9Wh9n9TXQoXX31MUvuzpjkFRiYZ/EWT3161NE9jlZ0FAiR9hORa7622c9YGn\nqb6KIcTzq4KJbh+H4wlMpyAP04hTueeFHGh8uSPgPNlAR9Nl2ilgEDgbYNP5fNbh\nEZiaafahVvHsamwa6Iomp8RddeplGVgDPuBO4Z/9lk5vviMfG90X6G6yh3apE45U\nyY6tCwb2OfuJgk63IBPO8yzmCOl02vJltm63hvMof88dOQm7blOUCUAVwnIpVMZA\nNsvqoEdSJ5BG055hYTrzTT9fbKzQrHvLgYgyY4yUvcDT7Qvi5OwZFBshgcYgj2Ei\nm85VqBwJSMpdcnC34UnfYKYhnTys5LYskn/voyvuQYP5tLkQtpIDOMWfFtRZHgq9\n+gxwKYul9/CufFG/qpqvfCbwtUL51THV1z+6+xET77uQ6Rw5n7ThyZjhnToTa0UU\naRGX9gC9P6Dbi3oTiHMAAAADAQABAAACABd2xeKlEdPl9+kUqFS0FvPxJ6qGjWPs\nv//l2KmHEP2tzlqXRNFByeIw8sxmGtHtASZvFh0QMWh/EemREW5fcvc2zS5FFbfr\nh6kgJLqoIVBUQijIlKKt5a1XT6f/YcgP9VhIJxlCynWokZy6yWT6hVmwlzs3mLZ7\ntDHANoRCEshAcIFGxM7hLq1okjaO/vMDvQM5w2jEhJa2r9J3qfg3CVOvxmNHk205\ndOM9TjHcdbzlP4iNjEyqkEr6rCWbMGXuhDwH8xFmT17YUXY+PRfE1y6s8N9kDvjm\nGNF+Tx+Eo8RRkDL8Z80+gjkvW+4abeSQf/CVsDcPOs/p/9pWvv+qizaVuZrR9uKY\nBHcudJ/wgSQisz2epOk9AfOiS9A1HVotpNipe4g8DGq5FOGT5N4lsrxHL9R3rMI7\nm8uxeF4jUzk/6JjLfFpVNolIXu4PwstpH+nyWlOP9DNHb00PVm0u6d+dPrIKGHAb\nEfXj3vgv+HCkatBEByMNKBI9cfYMuwzapsr1lC+zHLmvmIByN5YiMN/iCoTkKt3A\nBVUGKqEt85bLgCVSLymQTX9/swi/Ud+9L3DjyuZtuRe10+9NbbX28mvPL6FPrVFW\neL9ahBJMEZao9Rfr/x+kHabvSxK/egmSA/hqYTrNJiPdc1/kVTttFp3qAzKUtZyV\n9h4+KiD15PuRAAABAQCXOwEhgqCRlBIu16ylYvrD44piEp1BQn1egUaLkgFT6XPv\nbOxNAuE/7Y6IphyvHdgDGOuSgO6UJrML+sVuVhMxm9uv65LnCdHi5ZUJHaSBjN8m\nAGibvnLIxKJ1j6cSqpKBSRn+sbQgSrXX0dALX3z6YuiRrWjk3mkEWpC+5jizN+NU\n7bK+qpzMaoIJJmYW+f7XyW1Zce8QTjnYO79gV4PJh+ZinMgBZN7BshZQMfAd7fJE\nR287LhTfrMWSNfRv1eOHBky3o+mz9XDOw75OYP6yu9/f234PgA2DNtS3WHNMYWFH\nQ04o20rXekHhjUUdnGKE5XVsaQ/VGIFPIEBOFdDPAAABAQDuGKgsPXBTHFK10wQW\nVefq++Fk8Giox+sDU9KgcQHwHrJ0de4B8+Ykw4Qq0bxuN6jJYiGQ/sxZUV5dJP/P\nVXEA70dWQyCiLT/tZuEf4c6p+ZfCPsKU6sMqUeMBeLX/9PMuD9WM4PngO7iO/WH4\nsqxLOL4NrCbxTrAoVOEI+sMkmBVWtjeA5CEeSI0i9epAPJ/J6obWnqLbSosw45u8\nWnkwWU1TpriHSGuWGjsqprz+QYeS/8OxMsCcmKKLZKQ5mCbJAUkNgypRMjov9Agc\nIs7vNX7IY9935azqF0OZMQrUVjUgzHd7LElTUZGSN8qfX3/61NRxxQHIkiZL1rK0\n28lXAAABAQDD8hS646nCX1whCvJI33/OsmFY+l/H26jkgjPaAHtLqQ855tRUPWPK\nLlOdqvh2qwBIMNyNkkZvFY7SomnAFWTzoRdL5FLXi5xEJ5h83Qa+rRV9aw5TFd1a\nVEbuOxlE6Cde1sfEk0Ln558wOboB5NAYGJbf7LOcd6DHG/1QKJdQRclZ8OPciIpF\nhr3ccILmN12h8mU5QSA6R8e/eIYLx0RTzn/8fB1WVrSNo8XBk3CshDD0MtnFrpaq\nnH2NBdu9RI2g5aJFqDfY4SYUmkUef3fHCCGfI+8eeLq6XV6Z9GV3II9kKwOrVroW\nWIlX4IAxqwebheNjFGLZIBws5kqpfVxFAAAAAAEC\n-----END OPENSSH PRIVATE KEY-----\n",
            "private_key_pem": "-----BEGIN RSA PRIVATE KEY-----\nMIIJKQIBAAKCAgEAtj3usGtqCJwt1/hGq5wdIFg2uMVSakBQ9sW0nnt+x1ndbPdO\nG7+ItOfw3xRNqyq/98FGkqrxo+fNSugAd+0b7pQQ5qULInE2U5ux7o0DtxzlwhIA\n8snTUWYmsQdlYDosDzcEG7n4ICE6twRAT7pplf5zSDtXQdkgQ5uGiYOUysMKq7JG\nMZLTuRr9fF2cbYtgv/KcBNoeEqq0AXDQPiooQFob4hWu9Wh9n9TXQoXX31MUvuzp\njkFRiYZ/EWT3161NE9jlZ0FAiR9hORa7622c9YGnqb6KIcTzq4KJbh+H4wlMpyAP\n04hTueeFHGh8uSPgPNlAR9Nl2ilgEDgbYNP5fNbhEZiaafahVvHsamwa6Iomp8Rd\ndeplGVgDPuBO4Z/9lk5vviMfG90X6G6yh3apE45UyY6tCwb2OfuJgk63IBPO8yzm\nCOl02vJltm63hvMof88dOQm7blOUCUAVwnIpVMZANsvqoEdSJ5BG055hYTrzTT9f\nbKzQrHvLgYgyY4yUvcDT7Qvi5OwZFBshgcYgj2Eim85VqBwJSMpdcnC34UnfYKYh\nnTys5LYskn/voyvuQYP5tLkQtpIDOMWfFtRZHgq9+gxwKYul9/CufFG/qpqvfCbw\ntUL51THV1z+6+xET77uQ6Rw5n7ThyZjhnToTa0UUaRGX9gC9P6Dbi3oTiHMCAwEA\nAQKCAgAXdsXipRHT5ffpFKhUtBbz8Seqho1j7L//5diphxD9rc5al0TRQcniMPLM\nZhrR7QEmbxYdEDFofxHpkRFuX3L3Ns0uRRW364epICS6qCFQVEIoyJSireWtV0+n\n/2HID/VYSCcZQsp1qJGcuslk+oVZsJc7N5i2e7QxwDaEQhLIQHCBRsTO4S6taJI2\njv7zA70DOcNoxISWtq/Sd6n4NwlTr8ZjR5NtOXTjPU4x3HW85T+IjYxMqpBK+qwl\nmzBl7oQ8B/MRZk9e2FF2Pj0XxNcurPDfZA745hjRfk8fhKPEUZAy/GfNPoI5L1vu\nGm3kkH/wlbA3DzrP6f/aVr7/qos2lbma0fbimAR3LnSf8IEkIrM9nqTpPQHzokvQ\nNR1aLaTYqXuIPAxquRThk+TeJbK8Ry/Ud6zCO5vLsXheI1M5P+iYy3xaVTaJSF7u\nD8LLaR/p8lpTj/QzR29ND1ZtLunfnT6yChhwGxH14974L/hwpGrQRAcjDSgSPXH2\nDLsM2qbK9ZQvsxy5r5iAcjeWIjDf4gqE5CrdwAVVBiqhLfOWy4AlUi8pkE1/f7MI\nv1HfvS9w48rmbbkXtdPvTW219vJrzy+hT61RVni/WoQSTBGWqPUX6/8fpB2m70sS\nv3oJkgP4amE6zSYj3XNf5FU7bRad6gMylLWclfYePiog9eT7kQKCAQEA7hioLD1w\nUxxStdMEFlXn6vvhZPBoqMfrA1PSoHEB8B6ydHXuAfPmJMOEKtG8bjeoyWIhkP7M\nWVFeXST/z1VxAO9HVkMgoi0/7WbhH+HOqfmXwj7ClOrDKlHjAXi1//TzLg/VjOD5\n4Du4jv1h+LKsSzi+Dawm8U6wKFThCPrDJJgVVrY3gOQhHkiNIvXqQDyfyeqG1p6i\n20qLMOObvFp5MFlNU6a4h0hrlho7Kqa8/kGHkv/DsTLAnJiii2SkOZgmyQFJDYMq\nUTI6L/QIHCLO7zV+yGPfd+Ws6hdDmTEK1FY1IMx3eyxJU1GRkjfKn19/+tTUccUB\nyJImS9aytNvJVwKCAQEAw/IUuuOpwl9cIQrySN9/zrJhWPpfx9uo5IIz2gB7S6kP\nOebUVD1jyi5Tnar4dqsASDDcjZJGbxWO0qJpwBVk86EXS+RS14ucRCeYfN0Gvq0V\nfWsOUxXdWlRG7jsZROgnXtbHxJNC5+efMDm6AeTQGBiW3+yznHegxxv9UCiXUEXJ\nWfDj3IiKRYa93HCC5jddofJlOUEgOkfHv3iGC8dEU85//HwdVla0jaPFwZNwrIQw\n9DLZxa6Wqpx9jQXbvUSNoOWiRag32OEmFJpFHn93xwghnyPvHni6ul1emfRldyCP\nZCsDq1a6FliJV+CAMasHm4XjYxRi2SAcLOZKqX1cRQKCAQEAsYi7JTmunpoY5jDw\n9EKcCnBEMYK9V1SyXSnMfQummUgaYpJopRYa/kC3NUJskXZ5Kag9RSNodhUhGqzy\n/cNE3qCMfbrSA3tgFoHGzYIPGljcmt83MdkXK2Aht0At3Svlg+wUnNZIG7YMOLqg\nqdN4eyJVPFaoNvgoi/o2Tf7FMW0hRCXcnwP72dvZOT9KqxlJQELaxf9FieQ8g3jD\n8B86DB4adYx0PZN3fVYT1gq8E44DLE3/ugoQ6vM5CF1Dwxo7mVeXBDdQf3jHQGhi\n/6/Iwz8NSRiHUZx1YZt1MS4LWCbruIgdcz+jcTf6Jp/pOwr3n63AtxBh8w9e9N+j\nIw5bQwKCAQBt+b4W0tahyIHd7dXkfsSuD0JB/WyqsKfPcSCHF8QbyAxKtDqx+S67\n+Fpn4ODJQdrLqdjwAIxVpqTdpdhyvc9GSkDYEJNKdQpE2nBkjG1PsbehB+gnS9tL\n6odRCIx7N015llTTCNABdufK2muCypjdHVf44FJC3IW5mwUG63FZ1YFYYLKTQXNR\n6HlBc0iUy7hav8B+bQYYj9cVqSCbFcFMxFbjMAoLPmjiImxI5GbV/O+47514rS/V\nHDX/Y61cQlC3YIs+S1bk/CEyaQ+oOWTRqcetGS8JTDuJhAQnppsYTIcOcnIBxZB2\nIEUdtFxfBB4l9PSV1IhSUwpdTPfUvw59AoIBAQCXOwEhgqCRlBIu16ylYvrD44pi\nEp1BQn1egUaLkgFT6XPvbOxNAuE/7Y6IphyvHdgDGOuSgO6UJrML+sVuVhMxm9uv\n65LnCdHi5ZUJHaSBjN8mAGibvnLIxKJ1j6cSqpKBSRn+sbQgSrXX0dALX3z6YuiR\nrWjk3mkEWpC+5jizN+NU7bK+qpzMaoIJJmYW+f7XyW1Zce8QTjnYO79gV4PJh+Zi\nnMgBZN7BshZQMfAd7fJER287LhTfrMWSNfRv1eOHBky3o+mz9XDOw75OYP6yu9/f\n234PgA2DNtS3WHNMYWFHQ04o20rXekHhjUUdnGKE5XVsaQ/VGIFPIEBOFdDP\n-----END RSA PRIVATE KEY-----\n",
            "private_key_pem_pkcs8": "-----BEGIN PRIVATE KEY-----\nMIIJQwIBADANBgkqhkiG9w0BAQEFAASCCS0wggkpAgEAAoICAQC2Pe6wa2oInC3X\n+EarnB0gWDa4xVJqQFD2xbSee37HWd1s904bv4i05/DfFE2rKr/3wUaSqvGj581K\n6AB37RvulBDmpQsicTZTm7HujQO3HOXCEgDyydNRZiaxB2VgOiwPNwQbufggITq3\nBEBPummV/nNIO1dB2SBDm4aJg5TKwwqrskYxktO5Gv18XZxti2C/8pwE2h4SqrQB\ncNA+KihAWhviFa71aH2f1NdChdffUxS+7OmOQVGJhn8RZPfXrU0T2OVnQUCJH2E5\nFrvrbZz1gaepvoohxPOrgoluH4fjCUynIA/TiFO554UcaHy5I+A82UBH02XaKWAQ\nOBtg0/l81uERmJpp9qFW8exqbBroiianxF116mUZWAM+4E7hn/2WTm++Ix8b3Rfo\nbrKHdqkTjlTJjq0LBvY5+4mCTrcgE87zLOYI6XTa8mW2breG8yh/zx05CbtuU5QJ\nQBXCcilUxkA2y+qgR1InkEbTnmFhOvNNP19srNCse8uBiDJjjJS9wNPtC+Lk7BkU\nGyGBxiCPYSKbzlWoHAlIyl1ycLfhSd9gpiGdPKzktiySf++jK+5Bg/m0uRC2kgM4\nxZ8W1FkeCr36DHApi6X38K58Ub+qmq98JvC1QvnVMdXXP7r7ERPvu5DpHDmftOHJ\nmOGdOhNrRRRpEZf2AL0/oNuLehOIcwIDAQABAoICABd2xeKlEdPl9+kUqFS0FvPx\nJ6qGjWPsv//l2KmHEP2tzlqXRNFByeIw8sxmGtHtASZvFh0QMWh/EemREW5fcvc2\nzS5FFbfrh6kgJLqoIVBUQijIlKKt5a1XT6f/YcgP9VhIJxlCynWokZy6yWT6hVmw\nlzs3mLZ7tDHANoRCEshAcIFGxM7hLq1okjaO/vMDvQM5w2jEhJa2r9J3qfg3CVOv\nxmNHk205dOM9TjHcdbzlP4iNjEyqkEr6rCWbMGXuhDwH8xFmT17YUXY+PRfE1y6s\n8N9kDvjmGNF+Tx+Eo8RRkDL8Z80+gjkvW+4abeSQf/CVsDcPOs/p/9pWvv+qizaV\nuZrR9uKYBHcudJ/wgSQisz2epOk9AfOiS9A1HVotpNipe4g8DGq5FOGT5N4lsrxH\nL9R3rMI7m8uxeF4jUzk/6JjLfFpVNolIXu4PwstpH+nyWlOP9DNHb00PVm0u6d+d\nPrIKGHAbEfXj3vgv+HCkatBEByMNKBI9cfYMuwzapsr1lC+zHLmvmIByN5YiMN/i\nCoTkKt3ABVUGKqEt85bLgCVSLymQTX9/swi/Ud+9L3DjyuZtuRe10+9NbbX28mvP\nL6FPrVFWeL9ahBJMEZao9Rfr/x+kHabvSxK/egmSA/hqYTrNJiPdc1/kVTttFp3q\nAzKUtZyV9h4+KiD15PuRAoIBAQDuGKgsPXBTHFK10wQWVefq++Fk8Giox+sDU9Kg\ncQHwHrJ0de4B8+Ykw4Qq0bxuN6jJYiGQ/sxZUV5dJP/PVXEA70dWQyCiLT/tZuEf\n4c6p+ZfCPsKU6sMqUeMBeLX/9PMuD9WM4PngO7iO/WH4sqxLOL4NrCbxTrAoVOEI\n+sMkmBVWtjeA5CEeSI0i9epAPJ/J6obWnqLbSosw45u8WnkwWU1TpriHSGuWGjsq\nprz+QYeS/8OxMsCcmKKLZKQ5mCbJAUkNgypRMjov9AgcIs7vNX7IY9935azqF0OZ\nMQrUVjUgzHd7LElTUZGSN8qfX3/61NRxxQHIkiZL1rK028lXAoIBAQDD8hS646nC\nX1whCvJI33/OsmFY+l/H26jkgjPaAHtLqQ855tRUPWPKLlOdqvh2qwBIMNyNkkZv\nFY7SomnAFWTzoRdL5FLXi5xEJ5h83Qa+rRV9aw5TFd1aVEbuOxlE6Cde1sfEk0Ln\n558wOboB5NAYGJbf7LOcd6DHG/1QKJdQRclZ8OPciIpFhr3ccILmN12h8mU5QSA6\nR8e/eIYLx0RTzn/8fB1WVrSNo8XBk3CshDD0MtnFrpaqnH2NBdu9RI2g5aJFqDfY\n4SYUmkUef3fHCCGfI+8eeLq6XV6Z9GV3II9kKwOrVroWWIlX4IAxqwebheNjFGLZ\nIBws5kqpfVxFAoIBAQCxiLslOa6emhjmMPD0QpwKcEQxgr1XVLJdKcx9C6aZSBpi\nkmilFhr+QLc1QmyRdnkpqD1FI2h2FSEarPL9w0TeoIx9utIDe2AWgcbNgg8aWNya\n3zcx2RcrYCG3QC3dK+WD7BSc1kgbtgw4uqCp03h7IlU8Vqg2+CiL+jZN/sUxbSFE\nJdyfA/vZ29k5P0qrGUlAQtrF/0WJ5DyDeMPwHzoMHhp1jHQ9k3d9VhPWCrwTjgMs\nTf+6ChDq8zkIXUPDGjuZV5cEN1B/eMdAaGL/r8jDPw1JGIdRnHVhm3UxLgtYJuu4\niB1zP6NxN/omn+k7CvefrcC3EGHzD17036MjDltDAoIBAG35vhbS1qHIgd3t1eR+\nxK4PQkH9bKqwp89xIIcXxBvIDEq0OrH5Lrv4Wmfg4MlB2sup2PAAjFWmpN2l2HK9\nz0ZKQNgQk0p1CkTacGSMbU+xt6EH6CdL20vqh1EIjHs3TXmWVNMI0AF258raa4LK\nmN0dV/jgUkLchbmbBQbrcVnVgVhgspNBc1HoeUFzSJTLuFq/wH5tBhiP1xWpIJsV\nwUzEVuMwCgs+aOIibEjkZtX877jvnXitL9UcNf9jrVxCULdgiz5LVuT8ITJpD6g5\nZNGpx60ZLwlMO4mEBCemmxhMhw5ycgHFkHYgRR20XF8EHiX09JXUiFJTCl1M99S/\nDn0CggEBAJc7ASGCoJGUEi7XrKVi+sPjimISnUFCfV6BRouSAVPpc+9s7E0C4T/t\njoimHK8d2AMY65KA7pQmswv6xW5WEzGb26/rkucJ0eLllQkdpIGM3yYAaJu+csjE\nonWPpxKqkoFJGf6xtCBKtdfR0AtffPpi6JGtaOTeaQRakL7mOLM341Ttsr6qnMxq\nggkmZhb5/tfJbVlx7xBOOdg7v2BXg8mH5mKcyAFk3sGyFlAx8B3t8kRHbzsuFN+s\nxZI19G/V44cGTLej6bP1cM7Dvk5g/rK739/bfg+ADYM21LdYc0xhYUdDTijbStd6\nQeGNRR2cYoTldWxpD9UYgU8gQE4V0M8=\n-----END PRIVATE KEY-----\n",
            "public_key_fingerprint_md5": "a7:a2:19:e6:a7:1c:88:bd:bc:03:e5:65:65:3f:c1:eb",
            "public_key_fingerprint_sha256": "SHA256:NJfkHyyenUVIiGYfj/Bz0ue6gkAPB4vQibJ9ZZvSuEk",
            "public_key_openssh": "ssh-rsa AAAAB3NzaC1yc2EAAAADAQABAAACAQC2Pe6wa2oInC3X+EarnB0gWDa4xVJqQFD2xbSee37HWd1s904bv4i05/DfFE2rKr/3wUaSqvGj581K6AB37RvulBDmpQsicTZTm7HujQO3HOXCEgDyydNRZiaxB2VgOiwPNwQbufggITq3BEBPummV/nNIO1dB2SBDm4aJg5TKwwqrskYxktO5Gv18XZxti2C/8pwE2h4SqrQBcNA+KihAWhviFa71aH2f1NdChdffUxS+7OmOQVGJhn8RZPfXrU0T2OVnQUCJH2E5FrvrbZz1gaepvoohxPOrgoluH4fjCUynIA/TiFO554UcaHy5I+A82UBH02XaKWAQOBtg0/l81uERmJpp9qFW8exqbBroiianxF116mUZWAM+4E7hn/2WTm++Ix8b3RfobrKHdqkTjlTJjq0LBvY5+4mCTrcgE87zLOYI6XTa8mW2breG8yh/zx05CbtuU5QJQBXCcilUxkA2y+qgR1InkEbTnmFhOvNNP19srNCse8uBiDJjjJS9wNPtC+Lk7BkUGyGBxiCPYSKbzlWoHAlIyl1ycLfhSd9gpiGdPKzktiySf++jK+5Bg/m0uRC2kgM4xZ8W1FkeCr36DHApi6X38K58Ub+qmq98JvC1QvnVMdXXP7r7ERPvu5DpHDmftOHJmOGdOhNrRRRpEZf2AL0/oNuLehOIcw==\n",
            "public_key_pem": "-----BEGIN PUBLIC KEY-----\nMIICIjANBgkqhkiG9w0BAQEFAAOCAg8AMIICCgKCAgEAtj3usGtqCJwt1/hGq5wd\nIFg2uMVSakBQ9sW0nnt+x1ndbPdOG7+ItOfw3xRNqyq/98FGkqrxo+fNSugAd+0b\n7pQQ5qULInE2U5ux7o0DtxzlwhIA8snTUWYmsQdlYDosDzcEG7n4ICE6twRAT7pp\nlf5zSDtXQdkgQ5uGiYOUysMKq7JGMZLTuRr9fF2cbYtgv/KcBNoeEqq0AXDQPioo\nQFob4hWu9Wh9n9TXQoXX31MUvuzpjkFRiYZ/EWT3161NE9jlZ0FAiR9hORa7622c\n9YGnqb6KIcTzq4KJbh+H4wlMpyAP04hTueeFHGh8uSPgPNlAR9Nl2ilgEDgbYNP5\nfNbhEZiaafahVvHsamwa6Iomp8RddeplGVgDPuBO4Z/9lk5vviMfG90X6G6yh3ap\nE45UyY6tCwb2OfuJgk63IBPO8yzmCOl02vJltm63hvMof88dOQm7blOUCUAVwnIp\nVMZANsvqoEdSJ5BG055hYTrzTT9fbKzQrHvLgYgyY4yUvcDT7Qvi5OwZFBshgcYg\nj2Eim85VqBwJSMpdcnC34UnfYKYhnTys5LYskn/voyvuQYP5tLkQtpIDOMWfFtRZ\nHgq9+gxwKYul9/CufFG/qpqvfCbwtUL51THV1z+6+xET77uQ6Rw5n7ThyZjhnToT\na0UUaRGX9gC9P6Dbi3oTiHMCAwEAAQ==\n-----END PUBLIC KEY-----\n",
            "rsa_bits": 4096
          },
          "sensitive_attributes": []
        }
      ]
    }
  ],
  "check_results": null
}
